
Microsoft Visual Studio Solution File, Format Version 12.00
# Visual Studio Version 16
VisualStudioVersion = 16.0.32630.194
MinimumVisualStudioVersion = 10.0.40219.1
Project("{8BC9CEB8-8B4A-11D0-8D11-00A0C91BC942}") = "ASSIGNMENT3-UI", "ASSIGNMENT3-UI\ASSIGNMENT3-UI.vcxproj", "{4FCB32D5-F1CC-4EB8-8379-63EAFE9005EA}"
EndProject
Global
	GlobalSection(SolutionConfigurationPlatforms) = preSolution
		Debug|x64 = Debug|x64
		Debug|x86 = Debug|x86
		Release|x64 = Release|x64
		Release|x86 = Release|x86
	EndGlobalSection
	GlobalSection(ProjectConfigurationPlatforms) = postSolution
		{4FCB32D5-F1CC-4EB8-8379-63EAFE9005EA}.Debug|x64.ActiveCfg = Debug|x64
		{4FCB32D5-F1CC-4EB8-8379-63EAFE9005EA}.Debug|x64.Build.0 = Debug|x64
		{4FCB32D5-F1CC-4EB8-8379-63EAFE9005EA}.Debug|x86.ActiveCfg = Debug|Win32
		{4FCB32D5-F1CC-4EB8-8379-63EAFE9005EA}.Debug|x86.Build.0 = Debug|Win32
		{4FCB32D5-F1CC-4EB8-8379-63EAFE9005EA}.Release|x64.ActiveCfg = Release|x64
		{4FCB32D5-F1CC-4EB8-8379-63EAFE9005EA}.Release|x64.Build.0 = Release|x64
		{4FCB32D5-F1CC-4EB8-8379-63EAFE9005EA}.Release|x86.ActiveCfg = Release|Win32
		{4FCB32D5-F1CC-4EB8-8379-63EAFE9005EA}.Release|x86.Build.0 = Release|Win32
	EndGlobalSection
	GlobalSection(SolutionProperties) = preSolution
		HideSolutionNode = FALSE
	EndGlobalSection
	GlobalSection(ExtensibilityGlobals) = postSolution
		SolutionGuid = {085466DC-0D75-4C54-A996-10411F063C33}
	EndGlobalSection
EndGlobal
